
Microsoft Visual Studio Solution File, Format Version 12.00
# Visual Studio 15
Project("{FAE04EC0-301F-11D3-BF4B-00C04F79EFBC}") = "lab2", "lab2\lab2.csproj", "{8044A6FC-8272-459C-A1A0-08177B263535}"
EndProject
Global
	GlobalSection(SolutionConfigurationPlatforms) = preSolution
		Debug|Any CPU = Debug|Any CPU
		Release|Any CPU = Release|Any CPU
	EndGlobalSection
	GlobalSection(ProjectConfigurationPlatforms) = postSolution
		{8044A6FC-8272-459C-A1A0-08177B263535}.Debug|Any CPU.ActiveCfg = Debug|Any CPU
		{8044A6FC-8272-459C-A1A0-08177B263535}.Debug|Any CPU.Build.0 = Debug|Any CPU
		{8044A6FC-8272-459C-A1A0-08177B263535}.Release|Any CPU.ActiveCfg = Release|Any CPU
		{8044A6FC-8272-459C-A1A0-08177B263535}.Release|Any CPU.Build.0 = Release|Any CPU
	EndGlobalSection
EndGlobal
